
Microsoft Visual Studio Solution File, Format Version 12.00
# Visual Studio Version 17
VisualStudioVersion = 17.5.002.0
MinimumVisualStudioVersion = 10.0.40219.1
Project("{9A19103F-16F7-4668-BE54-9A1E7A4F7556}") = "TestProject", "TestProject.csproj", "{9DF223A1-8360-4EAE-BC83-77D19D3058B7}"
EndProject
Global
	GlobalSection(SolutionConfigurationPlatforms) = preSolution
		Debug|Any CPU = Debug|Any CPU
		Release|Any CPU = Release|Any CPU
	EndGlobalSection
	GlobalSection(ProjectConfigurationPlatforms) = postSolution
		{9DF223A1-8360-4EAE-BC83-77D19D3058B7}.Debug|Any CPU.ActiveCfg = Debug|Any CPU
		{9DF223A1-8360-4EAE-BC83-77D19D3058B7}.Debug|Any CPU.Build.0 = Debug|Any CPU
		{9DF223A1-8360-4EAE-BC83-77D19D3058B7}.Release|Any CPU.ActiveCfg = Release|Any CPU
		{9DF223A1-8360-4EAE-BC83-77D19D3058B7}.Release|Any CPU.Build.0 = Release|Any CPU
	EndGlobalSection
	GlobalSection(SolutionProperties) = preSolution
		HideSolutionNode = FALSE
	EndGlobalSection
	GlobalSection(ExtensibilityGlobals) = postSolution
		SolutionGuid = {E877D4C2-B5FE-495C-AEA8-52094842E898}
	EndGlobalSection
EndGlobal
